
Microsoft Visual Studio Solution File, Format Version 12.00
# Visual Studio Version 16
VisualStudioVersion = 16.0.31005.135
MinimumVisualStudioVersion = 10.0.40219.1
Project("{FAE04EC0-301F-11D3-BF4B-00C04F79EFBC}") = "PruebaDeLecturaDeExcel", "PruebaDeLecturaDeExcel\PruebaDeLecturaDeExcel.csproj", "{D0D603A0-B5D9-41C0-9181-0D1F3C91C54A}"
EndProject
Global
	GlobalSection(SolutionConfigurationPlatforms) = preSolution
		Debug|Any CPU = Debug|Any CPU
		Release|Any CPU = Release|Any CPU
	EndGlobalSection
	GlobalSection(ProjectConfigurationPlatforms) = postSolution
		{D0D603A0-B5D9-41C0-9181-0D1F3C91C54A}.Debug|Any CPU.ActiveCfg = Debug|Any CPU
		{D0D603A0-B5D9-41C0-9181-0D1F3C91C54A}.Debug|Any CPU.Build.0 = Debug|Any CPU
		{D0D603A0-B5D9-41C0-9181-0D1F3C91C54A}.Release|Any CPU.ActiveCfg = Release|Any CPU
		{D0D603A0-B5D9-41C0-9181-0D1F3C91C54A}.Release|Any CPU.Build.0 = Release|Any CPU
	EndGlobalSection
	GlobalSection(SolutionProperties) = preSolution
		HideSolutionNode = FALSE
	EndGlobalSection
	GlobalSection(ExtensibilityGlobals) = postSolution
		SolutionGuid = {CB99BAC8-861B-49F8-A178-ACE0E8E62D84}
	EndGlobalSection
EndGlobal
